
Microsoft Visual Studio Solution File, Format Version 12.00
# Visual Studio Version 17
VisualStudioVersion = 17.12.35506.116
MinimumVisualStudioVersion = 10.0.40219.1
Project("{FAE04EC0-301F-11D3-BF4B-00C04F79EFBC}") = "Klinkby.AoC2024", "src\2024\Klinkby.AoC2024.csproj", "{1ADABFEA-DE3A-4EAC-BB84-AC1AF9DE38DE}"
EndProject
Project("{2150E333-8FDC-42A3-9474-1A3956D46DE8}") = "Solution Items", "Solution Items", "{853BDB4A-882C-4D20-ACC0-B58F3713A97B}"
	ProjectSection(SolutionItems) = preProject
		.editorconfig = .editorconfig
		README.md = README.md
	EndProjectSection
EndProject
Project("{FAE04EC0-301F-11D3-BF4B-00C04F79EFBC}") = "Klinkby.AoC2024.Private", "private\2024\Klinkby.AoC2024.Private.csproj", "{CA51AC6F-2E23-4884-852B-74C869982769}"
EndProject
Project("{2150E333-8FDC-42A3-9474-1A3956D46DE8}") = "src", "src", "{827E0CD3-B72D-47B6-A68D-7590B98EB39B}"
EndProject
Project("{2150E333-8FDC-42A3-9474-1A3956D46DE8}") = "2025", "2025", "{13D9AB5B-623D-9561-F35D-E73324D2C665}"
EndProject
Project("{FAE04EC0-301F-11D3-BF4B-00C04F79EFBC}") = "Klinkby.AoC2025", "src\2025\Klinkby.AoC2025.csproj", "{1F0558BA-370F-47B6-AB47-7248D56664B4}"
EndProject
Project("{2150E333-8FDC-42A3-9474-1A3956D46DE8}") = "private", "private", "{9C5465B7-2582-946B-F0F3-C7DB9A30B1F9}"
EndProject
Project("{2150E333-8FDC-42A3-9474-1A3956D46DE8}") = "2025", "2025", "{CAAC79C0-620C-F2B1-7B8B-032A969ACE28}"
EndProject
Project("{FAE04EC0-301F-11D3-BF4B-00C04F79EFBC}") = "Klinkby.AoC2025.Private", "private\2025\Klinkby.AoC2025.Private.csproj", "{2921BA5F-8BDD-4523-8F3A-37434241BD88}"
EndProject
Global
	GlobalSection(SolutionConfigurationPlatforms) = preSolution
		Release|Any CPU = Release|Any CPU
		Release|x64 = Release|x64
		Release|x86 = Release|x86
		Debug|Any CPU = Debug|Any CPU
		Debug|x64 = Debug|x64
		Debug|x86 = Debug|x86
	EndGlobalSection
	GlobalSection(ProjectConfigurationPlatforms) = postSolution
		{1ADABFEA-DE3A-4EAC-BB84-AC1AF9DE38DE}.Release|Any CPU.ActiveCfg = Release|Any CPU
		{1ADABFEA-DE3A-4EAC-BB84-AC1AF9DE38DE}.Release|Any CPU.Build.0 = Release|Any CPU
		{1ADABFEA-DE3A-4EAC-BB84-AC1AF9DE38DE}.Release|x64.ActiveCfg = Release|Any CPU
		{1ADABFEA-DE3A-4EAC-BB84-AC1AF9DE38DE}.Release|x64.Build.0 = Release|Any CPU
		{1ADABFEA-DE3A-4EAC-BB84-AC1AF9DE38DE}.Release|x86.ActiveCfg = Release|Any CPU
		{1ADABFEA-DE3A-4EAC-BB84-AC1AF9DE38DE}.Release|x86.Build.0 = Release|Any CPU
		{1ADABFEA-DE3A-4EAC-BB84-AC1AF9DE38DE}.Debug|Any CPU.ActiveCfg = Debug|Any CPU
		{1ADABFEA-DE3A-4EAC-BB84-AC1AF9DE38DE}.Debug|Any CPU.Build.0 = Debug|Any CPU
		{1ADABFEA-DE3A-4EAC-BB84-AC1AF9DE38DE}.Debug|x64.ActiveCfg = Debug|Any CPU
		{1ADABFEA-DE3A-4EAC-BB84-AC1AF9DE38DE}.Debug|x64.Build.0 = Debug|Any CPU
		{1ADABFEA-DE3A-4EAC-BB84-AC1AF9DE38DE}.Debug|x86.ActiveCfg = Debug|Any CPU
		{1ADABFEA-DE3A-4EAC-BB84-AC1AF9DE38DE}.Debug|x86.Build.0 = Debug|Any CPU
		{CA51AC6F-2E23-4884-852B-74C869982769}.Release|Any CPU.ActiveCfg = Release|Any CPU
		{CA51AC6F-2E23-4884-852B-74C869982769}.Release|Any CPU.Build.0 = Release|Any CPU
		{CA51AC6F-2E23-4884-852B-74C869982769}.Release|x64.ActiveCfg = Release|Any CPU
		{CA51AC6F-2E23-4884-852B-74C869982769}.Release|x64.Build.0 = Release|Any CPU
		{CA51AC6F-2E23-4884-852B-74C869982769}.Release|x86.ActiveCfg = Release|Any CPU
		{CA51AC6F-2E23-4884-852B-74C869982769}.Release|x86.Build.0 = Release|Any CPU
		{CA51AC6F-2E23-4884-852B-74C869982769}.Debug|Any CPU.ActiveCfg = Debug|Any CPU
		{CA51AC6F-2E23-4884-852B-74C869982769}.Debug|Any CPU.Build.0 = Debug|Any CPU
		{CA51AC6F-2E23-4884-852B-74C869982769}.Debug|x64.ActiveCfg = Debug|Any CPU
		{CA51AC6F-2E23-4884-852B-74C869982769}.Debug|x64.Build.0 = Debug|Any CPU
		{CA51AC6F-2E23-4884-852B-74C869982769}.Debug|x86.ActiveCfg = Debug|Any CPU
		{CA51AC6F-2E23-4884-852B-74C869982769}.Debug|x86.Build.0 = Debug|Any CPU
		{1F0558BA-370F-47B6-AB47-7248D56664B4}.Release|Any CPU.ActiveCfg = Release|Any CPU
		{1F0558BA-370F-47B6-AB47-7248D56664B4}.Release|Any CPU.Build.0 = Release|Any CPU
		{1F0558BA-370F-47B6-AB47-7248D56664B4}.Release|x64.ActiveCfg = Release|Any CPU
		{1F0558BA-370F-47B6-AB47-7248D56664B4}.Release|x64.Build.0 = Release|Any CPU
		{1F0558BA-370F-47B6-AB47-7248D56664B4}.Release|x86.ActiveCfg = Release|Any CPU
		{1F0558BA-370F-47B6-AB47-7248D56664B4}.Release|x86.Build.0 = Release|Any CPU
		{1F0558BA-370F-47B6-AB47-7248D56664B4}.Debug|Any CPU.ActiveCfg = Debug|Any CPU
		{1F0558BA-370F-47B6-AB47-7248D56664B4}.Debug|Any CPU.Build.0 = Debug|Any CPU
		{1F0558BA-370F-47B6-AB47-7248D56664B4}.Debug|x64.ActiveCfg = Debug|Any CPU
		{1F0558BA-370F-47B6-AB47-7248D56664B4}.Debug|x64.Build.0 = Debug|Any CPU
		{1F0558BA-370F-47B6-AB47-7248D56664B4}.Debug|x86.ActiveCfg = Debug|Any CPU
		{1F0558BA-370F-47B6-AB47-7248D56664B4}.Debug|x86.Build.0 = Debug|Any CPU
		{2921BA5F-8BDD-4523-8F3A-37434241BD88}.Release|Any CPU.ActiveCfg = Release|Any CPU
		{2921BA5F-8BDD-4523-8F3A-37434241BD88}.Release|Any CPU.Build.0 = Release|Any CPU
		{2921BA5F-8BDD-4523-8F3A-37434241BD88}.Release|x64.ActiveCfg = Release|Any CPU
		{2921BA5F-8BDD-4523-8F3A-37434241BD88}.Release|x64.Build.0 = Release|Any CPU
		{2921BA5F-8BDD-4523-8F3A-37434241BD88}.Release|x86.ActiveCfg = Release|Any CPU
		{2921BA5F-8BDD-4523-8F3A-37434241BD88}.Release|x86.Build.0 = Release|Any CPU
		{2921BA5F-8BDD-4523-8F3A-37434241BD88}.Debug|Any CPU.ActiveCfg = Debug|Any CPU
		{2921BA5F-8BDD-4523-8F3A-37434241BD88}.Debug|Any CPU.Build.0 = Debug|Any CPU
		{2921BA5F-8BDD-4523-8F3A-37434241BD88}.Debug|x64.ActiveCfg = Debug|Any CPU
		{2921BA5F-8BDD-4523-8F3A-37434241BD88}.Debug|x64.Build.0 = Debug|Any CPU
		{2921BA5F-8BDD-4523-8F3A-37434241BD88}.Debug|x86.ActiveCfg = Debug|Any CPU
		{2921BA5F-8BDD-4523-8F3A-37434241BD88}.Debug|x86.Build.0 = Debug|Any CPU
	EndGlobalSection
	GlobalSection(SolutionProperties) = preSolution
		HideSolutionNode = FALSE
	EndGlobalSection
	GlobalSection(NestedProjects) = preSolution
		{13D9AB5B-623D-9561-F35D-E73324D2C665} = {827E0CD3-B72D-47B6-A68D-7590B98EB39B}
		{1F0558BA-370F-47B6-AB47-7248D56664B4} = {13D9AB5B-623D-9561-F35D-E73324D2C665}
		{CAAC79C0-620C-F2B1-7B8B-032A969ACE28} = {9C5465B7-2582-946B-F0F3-C7DB9A30B1F9}
		{2921BA5F-8BDD-4523-8F3A-37434241BD88} = {CAAC79C0-620C-F2B1-7B8B-032A969ACE28}
	EndGlobalSection
EndGlobal
