
Microsoft Visual Studio Solution File, Format Version 12.00
# Visual Studio Version 17
VisualStudioVersion = 17.0.31903.59
MinimumVisualStudioVersion = 10.0.40219.1
Project("{FAE04EC0-301F-11D3-BF4B-00C04F79EFBC}") = "01_1", "01\1\01_1.csproj", "{59121D7D-E8FF-4F6B-BA93-B64856ECF673}"
EndProject
Project("{FAE04EC0-301F-11D3-BF4B-00C04F79EFBC}") = "01_2", "01\2\01_2.csproj", "{7E4511C1-ADC7-40BB-B5DB-D7F38F9D2808}"
EndProject
Project("{2150E333-8FDC-42A3-9474-1A3956D46DE8}") = "01", "01", "{93F66050-0902-4B7E-A63B-360EB414666B}"
	ProjectSection(SolutionItems) = preProject
		01\input.txt = 01\input.txt
		01\README.md = 01\README.md
	EndProjectSection
EndProject
Project("{2150E333-8FDC-42A3-9474-1A3956D46DE8}") = "Solution Items", "Solution Items", "{119705EF-F559-4C91-9BC5-C676E97F4302}"
	ProjectSection(SolutionItems) = preProject
		Directory.Build.props = Directory.Build.props
		..\..\README.md = ..\..\README.md
	EndProjectSection
EndProject
Project("{2150E333-8FDC-42A3-9474-1A3956D46DE8}") = "02", "02", "{90B1213E-17F5-44E9-8A3E-A7592205E8C8}"
	ProjectSection(SolutionItems) = preProject
		02\input.txt = 02\input.txt
		02\README.md = 02\README.md
	EndProjectSection
EndProject
Project("{FAE04EC0-301F-11D3-BF4B-00C04F79EFBC}") = "02_1", "02\1\02_1.csproj", "{ECCF6248-D920-4E21-8682-03D481443D7D}"
EndProject
Project("{FAE04EC0-301F-11D3-BF4B-00C04F79EFBC}") = "02_2", "02\2\02_2.csproj", "{F0F58CAE-4AC0-4D8A-AB38-735B331AD481}"
EndProject
Project("{2150E333-8FDC-42A3-9474-1A3956D46DE8}") = "03", "03", "{37EAFFEE-B1A9-4BAF-9D9A-9FC6E77CB8E9}"
	ProjectSection(SolutionItems) = preProject
		03\input.txt = 03\input.txt
		03\README.md = 03\README.md
	EndProjectSection
EndProject
Project("{FAE04EC0-301F-11D3-BF4B-00C04F79EFBC}") = "03_1", "03\1\03_1.csproj", "{345AB053-D0AA-4643-9979-8572F48CDC03}"
EndProject
Project("{FAE04EC0-301F-11D3-BF4B-00C04F79EFBC}") = "03_2", "03\2\03_2.csproj", "{B7DAD3F8-6060-43BA-B14E-9D10B42F7128}"
EndProject
Project("{2150E333-8FDC-42A3-9474-1A3956D46DE8}") = "04", "04", "{3ADD4DC7-F612-4728-AE1A-EF4F613949D4}"
	ProjectSection(SolutionItems) = preProject
		04\input.txt = 04\input.txt
		04\README.md = 04\README.md
	EndProjectSection
EndProject
Project("{FAE04EC0-301F-11D3-BF4B-00C04F79EFBC}") = "04_1", "04\1\04_1.csproj", "{B260384B-6A7C-4204-923A-930C8DC0664E}"
EndProject
Project("{FAE04EC0-301F-11D3-BF4B-00C04F79EFBC}") = "04_2", "04\2\04_2.csproj", "{1FBB4701-880B-4831-9544-CF2C49240E87}"
EndProject
Project("{2150E333-8FDC-42A3-9474-1A3956D46DE8}") = "05", "05", "{ED2B3643-42F2-41F1-A954-47A6F9C6326E}"
	ProjectSection(SolutionItems) = preProject
		05\input.txt = 05\input.txt
		05\README.md = 05\README.md
	EndProjectSection
EndProject
Project("{FAE04EC0-301F-11D3-BF4B-00C04F79EFBC}") = "05_1", "05\1\05_1.csproj", "{6E123692-D7F8-4988-AF94-A19F6A2871A1}"
EndProject
Project("{FAE04EC0-301F-11D3-BF4B-00C04F79EFBC}") = "05_2", "05\2\05_2.csproj", "{8494844B-427D-416F-AD7A-ABDE7B6EF4D1}"
EndProject
Project("{FAE04EC0-301F-11D3-BF4B-00C04F79EFBC}") = "06_1", "06\1\06_1.csproj", "{A62B3497-B490-448B-B814-70468D0FD045}"
EndProject
Project("{2150E333-8FDC-42A3-9474-1A3956D46DE8}") = "06", "06", "{EB75A972-5F74-4F23-972E-841621411B0A}"
	ProjectSection(SolutionItems) = preProject
		06\input.txt = 06\input.txt
		06\README.md = 06\README.md
	EndProjectSection
EndProject
Project("{FAE04EC0-301F-11D3-BF4B-00C04F79EFBC}") = "06_2", "06\2\06_2.csproj", "{0ECB4880-1241-44F2-A252-191C1AB80C27}"
EndProject
Global
	GlobalSection(SolutionConfigurationPlatforms) = preSolution
		Debug|Any CPU = Debug|Any CPU
		Release|Any CPU = Release|Any CPU
	EndGlobalSection
	GlobalSection(SolutionProperties) = preSolution
		HideSolutionNode = FALSE
	EndGlobalSection
	GlobalSection(ProjectConfigurationPlatforms) = postSolution
		{59121D7D-E8FF-4F6B-BA93-B64856ECF673}.Debug|Any CPU.ActiveCfg = Debug|Any CPU
		{59121D7D-E8FF-4F6B-BA93-B64856ECF673}.Debug|Any CPU.Build.0 = Debug|Any CPU
		{59121D7D-E8FF-4F6B-BA93-B64856ECF673}.Release|Any CPU.ActiveCfg = Release|Any CPU
		{59121D7D-E8FF-4F6B-BA93-B64856ECF673}.Release|Any CPU.Build.0 = Release|Any CPU
		{7E4511C1-ADC7-40BB-B5DB-D7F38F9D2808}.Debug|Any CPU.ActiveCfg = Debug|Any CPU
		{7E4511C1-ADC7-40BB-B5DB-D7F38F9D2808}.Debug|Any CPU.Build.0 = Debug|Any CPU
		{7E4511C1-ADC7-40BB-B5DB-D7F38F9D2808}.Release|Any CPU.ActiveCfg = Release|Any CPU
		{7E4511C1-ADC7-40BB-B5DB-D7F38F9D2808}.Release|Any CPU.Build.0 = Release|Any CPU
		{ECCF6248-D920-4E21-8682-03D481443D7D}.Debug|Any CPU.ActiveCfg = Debug|Any CPU
		{ECCF6248-D920-4E21-8682-03D481443D7D}.Debug|Any CPU.Build.0 = Debug|Any CPU
		{ECCF6248-D920-4E21-8682-03D481443D7D}.Release|Any CPU.ActiveCfg = Release|Any CPU
		{ECCF6248-D920-4E21-8682-03D481443D7D}.Release|Any CPU.Build.0 = Release|Any CPU
		{F0F58CAE-4AC0-4D8A-AB38-735B331AD481}.Debug|Any CPU.ActiveCfg = Debug|Any CPU
		{F0F58CAE-4AC0-4D8A-AB38-735B331AD481}.Debug|Any CPU.Build.0 = Debug|Any CPU
		{F0F58CAE-4AC0-4D8A-AB38-735B331AD481}.Release|Any CPU.ActiveCfg = Release|Any CPU
		{F0F58CAE-4AC0-4D8A-AB38-735B331AD481}.Release|Any CPU.Build.0 = Release|Any CPU
		{345AB053-D0AA-4643-9979-8572F48CDC03}.Debug|Any CPU.ActiveCfg = Debug|Any CPU
		{345AB053-D0AA-4643-9979-8572F48CDC03}.Debug|Any CPU.Build.0 = Debug|Any CPU
		{345AB053-D0AA-4643-9979-8572F48CDC03}.Release|Any CPU.ActiveCfg = Release|Any CPU
		{345AB053-D0AA-4643-9979-8572F48CDC03}.Release|Any CPU.Build.0 = Release|Any CPU
		{B7DAD3F8-6060-43BA-B14E-9D10B42F7128}.Debug|Any CPU.ActiveCfg = Debug|Any CPU
		{B7DAD3F8-6060-43BA-B14E-9D10B42F7128}.Debug|Any CPU.Build.0 = Debug|Any CPU
		{B7DAD3F8-6060-43BA-B14E-9D10B42F7128}.Release|Any CPU.ActiveCfg = Release|Any CPU
		{B7DAD3F8-6060-43BA-B14E-9D10B42F7128}.Release|Any CPU.Build.0 = Release|Any CPU
		{B260384B-6A7C-4204-923A-930C8DC0664E}.Debug|Any CPU.ActiveCfg = Debug|Any CPU
		{B260384B-6A7C-4204-923A-930C8DC0664E}.Debug|Any CPU.Build.0 = Debug|Any CPU
		{B260384B-6A7C-4204-923A-930C8DC0664E}.Release|Any CPU.ActiveCfg = Release|Any CPU
		{B260384B-6A7C-4204-923A-930C8DC0664E}.Release|Any CPU.Build.0 = Release|Any CPU
		{1FBB4701-880B-4831-9544-CF2C49240E87}.Debug|Any CPU.ActiveCfg = Debug|Any CPU
		{1FBB4701-880B-4831-9544-CF2C49240E87}.Debug|Any CPU.Build.0 = Debug|Any CPU
		{1FBB4701-880B-4831-9544-CF2C49240E87}.Release|Any CPU.ActiveCfg = Release|Any CPU
		{1FBB4701-880B-4831-9544-CF2C49240E87}.Release|Any CPU.Build.0 = Release|Any CPU
		{6E123692-D7F8-4988-AF94-A19F6A2871A1}.Debug|Any CPU.ActiveCfg = Debug|Any CPU
		{6E123692-D7F8-4988-AF94-A19F6A2871A1}.Debug|Any CPU.Build.0 = Debug|Any CPU
		{6E123692-D7F8-4988-AF94-A19F6A2871A1}.Release|Any CPU.ActiveCfg = Release|Any CPU
		{6E123692-D7F8-4988-AF94-A19F6A2871A1}.Release|Any CPU.Build.0 = Release|Any CPU
		{8494844B-427D-416F-AD7A-ABDE7B6EF4D1}.Debug|Any CPU.ActiveCfg = Debug|Any CPU
		{8494844B-427D-416F-AD7A-ABDE7B6EF4D1}.Debug|Any CPU.Build.0 = Debug|Any CPU
		{8494844B-427D-416F-AD7A-ABDE7B6EF4D1}.Release|Any CPU.ActiveCfg = Release|Any CPU
		{8494844B-427D-416F-AD7A-ABDE7B6EF4D1}.Release|Any CPU.Build.0 = Release|Any CPU
		{A62B3497-B490-448B-B814-70468D0FD045}.Debug|Any CPU.ActiveCfg = Debug|Any CPU
		{A62B3497-B490-448B-B814-70468D0FD045}.Debug|Any CPU.Build.0 = Debug|Any CPU
		{A62B3497-B490-448B-B814-70468D0FD045}.Release|Any CPU.ActiveCfg = Release|Any CPU
		{A62B3497-B490-448B-B814-70468D0FD045}.Release|Any CPU.Build.0 = Release|Any CPU
		{0ECB4880-1241-44F2-A252-191C1AB80C27}.Debug|Any CPU.ActiveCfg = Debug|Any CPU
		{0ECB4880-1241-44F2-A252-191C1AB80C27}.Debug|Any CPU.Build.0 = Debug|Any CPU
		{0ECB4880-1241-44F2-A252-191C1AB80C27}.Release|Any CPU.ActiveCfg = Release|Any CPU
		{0ECB4880-1241-44F2-A252-191C1AB80C27}.Release|Any CPU.Build.0 = Release|Any CPU
	EndGlobalSection
	GlobalSection(NestedProjects) = preSolution
		{59121D7D-E8FF-4F6B-BA93-B64856ECF673} = {93F66050-0902-4B7E-A63B-360EB414666B}
		{7E4511C1-ADC7-40BB-B5DB-D7F38F9D2808} = {93F66050-0902-4B7E-A63B-360EB414666B}
		{ECCF6248-D920-4E21-8682-03D481443D7D} = {90B1213E-17F5-44E9-8A3E-A7592205E8C8}
		{F0F58CAE-4AC0-4D8A-AB38-735B331AD481} = {90B1213E-17F5-44E9-8A3E-A7592205E8C8}
		{345AB053-D0AA-4643-9979-8572F48CDC03} = {37EAFFEE-B1A9-4BAF-9D9A-9FC6E77CB8E9}
		{B7DAD3F8-6060-43BA-B14E-9D10B42F7128} = {37EAFFEE-B1A9-4BAF-9D9A-9FC6E77CB8E9}
		{B260384B-6A7C-4204-923A-930C8DC0664E} = {3ADD4DC7-F612-4728-AE1A-EF4F613949D4}
		{1FBB4701-880B-4831-9544-CF2C49240E87} = {3ADD4DC7-F612-4728-AE1A-EF4F613949D4}
		{6E123692-D7F8-4988-AF94-A19F6A2871A1} = {ED2B3643-42F2-41F1-A954-47A6F9C6326E}
		{8494844B-427D-416F-AD7A-ABDE7B6EF4D1} = {ED2B3643-42F2-41F1-A954-47A6F9C6326E}
		{A62B3497-B490-448B-B814-70468D0FD045} = {EB75A972-5F74-4F23-972E-841621411B0A}
		{0ECB4880-1241-44F2-A252-191C1AB80C27} = {EB75A972-5F74-4F23-972E-841621411B0A}
	EndGlobalSection
EndGlobal
